{
  "name": "ssrd-fe",
  "version": "1.0.0",
  "lockfileVersion": 1,
  "dependencies": {
    "async-validator": {
      "version": "1.6.9",
      "resolved": "http://registry.npm.taobao.org/async-validator/download/async-validator-1.6.9.tgz",
      "integrity": "sha1-qDCdqouDQhzb1GKOAm1quyUZLTQ="
    },
    "babel-helper-vue-jsx-merge-props": {
      "version": "2.0.2",
      "resolved": "http://registry.npm.taobao.org/babel-helper-vue-jsx-merge-props/download/babel-helper-vue-jsx-merge-props-2.0.2.tgz",
      "integrity": "sha1-rOscNzWIJ54nVeoc/TXCI5T9M/g="
    },
    "deepmerge": {
      "version": "1.5.0",
      "resolved": "http://registry.npm.taobao.org/deepmerge/download/deepmerge-1.5.0.tgz",
      "integrity": "sha1-ALxbiP0juBMPn1BJBxw0IOB6VGU="
    },
    "element-ui": {
      "version": "1.4.1",
      "resolved": "http://registry.npm.taobao.org/element-ui/download/element-ui-1.4.1.tgz",
      "integrity": "sha1-9EccrbQ9x3nDCY3HNjSuqU0D8lU="
    },
    "throttle-debounce": {
      "version": "1.0.1",
      "resolved": "http://registry.npm.taobao.org/throttle-debounce/download/throttle-debounce-1.0.1.tgz",
      "integrity": "sha1-2tD+Ew+drzcZ/eoz3Dao5rp/MLU="
    }
  }
}
